// !$*UTF8*$!
{
	archiveVersion = 1;
	classes = {
	};
	objectVersion = 77;
	objects = {

/* Begin PBXBuildFile section */
		04BB5F6326B6AF77D35EF77F /* Pods_comet_chat_app.framework in Frameworks */ = {isa = PBXBuildFile; fileRef = D8DC407AE833E4A2D6F9BB5D /* Pods_comet_chat_app.framework */; };
		27695FB575D3EDC79060ABC1 /* Pods_comet_chat_appTests.framework in Frameworks */ = {isa = PBXBuildFile; fileRef = 65AE69566DF763924652BFBF /* Pods_comet_chat_appTests.framework */; };
		E662C53817A0802EBE7E4168 /* Pods_comet_chat_app_comet_chat_appUITests.framework in Frameworks */ = {isa = PBXBuildFile; fileRef = 2EBC0314C71683DB9DFD7FF1 /* Pods_comet_chat_app_comet_chat_appUITests.framework */; };
/* End PBXBuildFile section */

/* Begin PBXContainerItemProxy section */
		84CD5E3B2D12E5730057CB84 /* PBXContainerItemProxy */ = {
			isa = PBXContainerItemProxy;
			containerPortal = 84CD5E1C2D12E5720057CB84 /* Project object */;
			proxyType = 1;
			remoteGlobalIDString = 84CD5E232D12E5720057CB84;
			remoteInfo = "comet-chat-app";
		};
		84CD5E452D12E5730057CB84 /* PBXContainerItemProxy */ = {
			isa = PBXContainerItemProxy;
			containerPortal = 84CD5E1C2D12E5720057CB84 /* Project object */;
			proxyType = 1;
			remoteGlobalIDString = 84CD5E232D12E5720057CB84;
			remoteInfo = "comet-chat-app";
		};
/* End PBXContainerItemProxy section */

/* Begin PBXFileReference section */
		09FAC23F41467AB459E7ED67 /* Pods-comet-chat-app-comet-chat-appUITests.release.xcconfig */ = {isa = PBXFileReference; includeInIndex = 1; lastKnownFileType = text.xcconfig; name = "Pods-comet-chat-app-comet-chat-appUITests.release.xcconfig"; path = "Target Support Files/Pods-comet-chat-app-comet-chat-appUITests/Pods-comet-chat-app-comet-chat-appUITests.release.xcconfig"; sourceTree = "<group>"; };
		12F520514730752C7032584A /* Pods-comet-chat-app.debug.xcconfig */ = {isa = PBXFileReference; includeInIndex = 1; lastKnownFileType = text.xcconfig; name = "Pods-comet-chat-app.debug.xcconfig"; path = "Target Support Files/Pods-comet-chat-app/Pods-comet-chat-app.debug.xcconfig"; sourceTree = "<group>"; };
		2C5BA3E7307DABBCACC19C05 /* Pods-comet-chat-app-comet-chat-appUITests.debug.xcconfig */ = {isa = PBXFileReference; includeInIndex = 1; lastKnownFileType = text.xcconfig; name = "Pods-comet-chat-app-comet-chat-appUITests.debug.xcconfig"; path = "Target Support Files/Pods-comet-chat-app-comet-chat-appUITests/Pods-comet-chat-app-comet-chat-appUITests.debug.xcconfig"; sourceTree = "<group>"; };
		2EBC0314C71683DB9DFD7FF1 /* Pods_comet_chat_app_comet_chat_appUITests.framework */ = {isa = PBXFileReference; explicitFileType = wrapper.framework; includeInIndex = 0; path = Pods_comet_chat_app_comet_chat_appUITests.framework; sourceTree = BUILT_PRODUCTS_DIR; };
		65AE69566DF763924652BFBF /* Pods_comet_chat_appTests.framework */ = {isa = PBXFileReference; explicitFileType = wrapper.framework; includeInIndex = 0; path = Pods_comet_chat_appTests.framework; sourceTree = BUILT_PRODUCTS_DIR; };
		831FE2A7A0CBCC0908CE9B43 /* Pods-comet-chat-appTests.debug.xcconfig */ = {isa = PBXFileReference; includeInIndex = 1; lastKnownFileType = text.xcconfig; name = "Pods-comet-chat-appTests.debug.xcconfig"; path = "Target Support Files/Pods-comet-chat-appTests/Pods-comet-chat-appTests.debug.xcconfig"; sourceTree = "<group>"; };
		84CD5E242D12E5720057CB84 /* comet-chat-app.app */ = {isa = PBXFileReference; explicitFileType = wrapper.application; includeInIndex = 0; path = "comet-chat-app.app"; sourceTree = BUILT_PRODUCTS_DIR; };
		84CD5E3A2D12E5730057CB84 /* comet-chat-appTests.xctest */ = {isa = PBXFileReference; explicitFileType = wrapper.cfbundle; includeInIndex = 0; path = "comet-chat-appTests.xctest"; sourceTree = BUILT_PRODUCTS_DIR; };
		84CD5E442D12E5730057CB84 /* comet-chat-appUITests.xctest */ = {isa = PBXFileReference; explicitFileType = wrapper.cfbundle; includeInIndex = 0; path = "comet-chat-appUITests.xctest"; sourceTree = BUILT_PRODUCTS_DIR; };
		A9752EDEC0D7979F7076F4C7 /* Pods-comet-chat-appTests.release.xcconfig */ = {isa = PBXFileReference; includeInIndex = 1; lastKnownFileType = text.xcconfig; name = "Pods-comet-chat-appTests.release.xcconfig"; path = "Target Support Files/Pods-comet-chat-appTests/Pods-comet-chat-appTests.release.xcconfig"; sourceTree = "<group>"; };
		B4AE3D3F05661BA3B697A0FA /* Pods-comet-chat-app.release.xcconfig */ = {isa = PBXFileReference; includeInIndex = 1; lastKnownFileType = text.xcconfig; name = "Pods-comet-chat-app.release.xcconfig"; path = "Target Support Files/Pods-comet-chat-app/Pods-comet-chat-app.release.xcconfig"; sourceTree = "<group>"; };
		D8DC407AE833E4A2D6F9BB5D /* Pods_comet_chat_app.framework */ = {isa = PBXFileReference; explicitFileType = wrapper.framework; includeInIndex = 0; path = Pods_comet_chat_app.framework; sourceTree = BUILT_PRODUCTS_DIR; };
/* End PBXFileReference section */

/* Begin PBXFileSystemSynchronizedBuildFileExceptionSet section */
		84CD5E4C2D12E5730057CB84 /* Exceptions for "comet-chat-app" folder in "comet-chat-app" target */ = {
			isa = PBXFileSystemSynchronizedBuildFileExceptionSet;
			membershipExceptions = (
				Info.plist,
			);
			target = 84CD5E232D12E5720057CB84 /* comet-chat-app */;
		};
/* End PBXFileSystemSynchronizedBuildFileExceptionSet section */

/* Begin PBXFileSystemSynchronizedRootGroup section */
		84CD5E262D12E5720057CB84 /* comet-chat-app */ = {
			isa = PBXFileSystemSynchronizedRootGroup;
			exceptions = (
				84CD5E4C2D12E5730057CB84 /* Exceptions for "comet-chat-app" folder in "comet-chat-app" target */,
			);
			path = "comet-chat-app";
			sourceTree = "<group>";
		};
		84CD5E3D2D12E5730057CB84 /* comet-chat-appTests */ = {
			isa = PBXFileSystemSynchronizedRootGroup;
			path = "comet-chat-appTests";
			sourceTree = "<group>";
		};
		84CD5E472D12E5730057CB84 /* comet-chat-appUITests */ = {
			isa = PBXFileSystemSynchronizedRootGroup;
			path = "comet-chat-appUITests";
			sourceTree = "<group>";
		};
/* End PBXFileSystemSynchronizedRootGroup section */

/* Begin PBXFrameworksBuildPhase section */
		84CD5E212D12E5720057CB84 /* Frameworks */ = {
			isa = PBXFrameworksBuildPhase;
			buildActionMask = 2147483647;
			files = (
				04BB5F6326B6AF77D35EF77F /* Pods_comet_chat_app.framework in Frameworks */,
			);
			runOnlyForDeploymentPostprocessing = 0;
		};
		84CD5E372D12E5730057CB84 /* Frameworks */ = {
			isa = PBXFrameworksBuildPhase;
			buildActionMask = 2147483647;
			files = (
				27695FB575D3EDC79060ABC1 /* Pods_comet_chat_appTests.framework in Frameworks */,
			);
			runOnlyForDeploymentPostprocessing = 0;
		};
		84CD5E412D12E5730057CB84 /* Frameworks */ = {
			isa = PBXFrameworksBuildPhase;
			buildActionMask = 2147483647;
			files = (
				E662C53817A0802EBE7E4168 /* Pods_comet_chat_app_comet_chat_appUITests.framework in Frameworks */,
			);
			runOnlyForDeploymentPostprocessing = 0;
		};
/* End PBXFrameworksBuildPhase section */

/* Begin PBXGroup section */
		5B0A222687C464ECCFFD4B99 /* Frameworks */ = {
			isa = PBXGroup;
			children = (
				D8DC407AE833E4A2D6F9BB5D /* Pods_comet_chat_app.framework */,
				2EBC0314C71683DB9DFD7FF1 /* Pods_comet_chat_app_comet_chat_appUITests.framework */,
				65AE69566DF763924652BFBF /* Pods_comet_chat_appTests.framework */,
			);
			name = Frameworks;
			sourceTree = "<group>";
		};
		63AD0B09460B2AEA86BC76FC /* Pods */ = {
			isa = PBXGroup;
			children = (
				12F520514730752C7032584A /* Pods-comet-chat-app.debug.xcconfig */,
				B4AE3D3F05661BA3B697A0FA /* Pods-comet-chat-app.release.xcconfig */,
				2C5BA3E7307DABBCACC19C05 /* Pods-comet-chat-app-comet-chat-appUITests.debug.xcconfig */,
				09FAC23F41467AB459E7ED67 /* Pods-comet-chat-app-comet-chat-appUITests.release.xcconfig */,
				831FE2A7A0CBCC0908CE9B43 /* Pods-comet-chat-appTests.debug.xcconfig */,
				A9752EDEC0D7979F7076F4C7 /* Pods-comet-chat-appTests.release.xcconfig */,
			);
			path = Pods;
			sourceTree = "<group>";
		};
		84CD5E1B2D12E5720057CB84 = {
			isa = PBXGroup;
			children = (
				84CD5E262D12E5720057CB84 /* comet-chat-app */,
				84CD5E3D2D12E5730057CB84 /* comet-chat-appTests */,
				84CD5E472D12E5730057CB84 /* comet-chat-appUITests */,
				84CD5E252D12E5720057CB84 /* Products */,
				63AD0B09460B2AEA86BC76FC /* Pods */,
				5B0A222687C464ECCFFD4B99 /* Frameworks */,
			);
			sourceTree = "<group>";
		};
		84CD5E252D12E5720057CB84 /* Products */ = {
			isa = PBXGroup;
			children = (
				84CD5E242D12E5720057CB84 /* comet-chat-app.app */,
				84CD5E3A2D12E5730057CB84 /* comet-chat-appTests.xctest */,
				84CD5E442D12E5730057CB84 /* comet-chat-appUITests.xctest */,
			);
			name = Products;
			sourceTree = "<group>";
		};
/* End PBXGroup section */

/* Begin PBXNativeTarget section */
		84CD5E232D12E5720057CB84 /* comet-chat-app */ = {
			isa = PBXNativeTarget;
			buildConfigurationList = 84CD5E4D2D12E5730057CB84 /* Build configuration list for PBXNativeTarget "comet-chat-app" */;
			buildPhases = (
				6E58F93F0B2DA7790B2E3456 /* [CP] Check Pods Manifest.lock */,
				84CD5E202D12E5720057CB84 /* Sources */,
				84CD5E212D12E5720057CB84 /* Frameworks */,
				84CD5E222D12E5720057CB84 /* Resources */,
				94C43F177F6561A23CE61B7C /* [CP] Embed Pods Frameworks */,
				4B59590DCBE4F33C0DECA964 /* [CP] Copy Pods Resources */,
			);
			buildRules = (
			);
			dependencies = (
			);
			fileSystemSynchronizedGroups = (
				84CD5E262D12E5720057CB84 /* comet-chat-app */,
			);
			name = "comet-chat-app";
			productName = "comet-chat-app";
			productReference = 84CD5E242D12E5720057CB84 /* comet-chat-app.app */;
			productType = "com.apple.product-type.application";
		};
		84CD5E392D12E5730057CB84 /* comet-chat-appTests */ = {
			isa = PBXNativeTarget;
			buildConfigurationList = 84CD5E522D12E5730057CB84 /* Build configuration list for PBXNativeTarget "comet-chat-appTests" */;
			buildPhases = (
				0E1CB671C3B9DB946AA93CF9 /* [CP] Check Pods Manifest.lock */,
				84CD5E362D12E5730057CB84 /* Sources */,
				84CD5E372D12E5730057CB84 /* Frameworks */,
				84CD5E382D12E5730057CB84 /* Resources */,
			);
			buildRules = (
			);
			dependencies = (
				84CD5E3C2D12E5730057CB84 /* PBXTargetDependency */,
			);
			fileSystemSynchronizedGroups = (
				84CD5E3D2D12E5730057CB84 /* comet-chat-appTests */,
			);
			name = "comet-chat-appTests";
			productName = "comet-chat-appTests";
			productReference = 84CD5E3A2D12E5730057CB84 /* comet-chat-appTests.xctest */;
			productType = "com.apple.product-type.bundle.unit-test";
		};
		84CD5E432D12E5730057CB84 /* comet-chat-appUITests */ = {
			isa = PBXNativeTarget;
			buildConfigurationList = 84CD5E552D12E5730057CB84 /* Build configuration list for PBXNativeTarget "comet-chat-appUITests" */;
			buildPhases = (
				E67D431A0208B22600B076B9 /* [CP] Check Pods Manifest.lock */,
				84CD5E402D12E5730057CB84 /* Sources */,
				84CD5E412D12E5730057CB84 /* Frameworks */,
				84CD5E422D12E5730057CB84 /* Resources */,
				DA07B4FEF28098482953F4AA /* [CP] Embed Pods Frameworks */,
				5F9CFA28869D29994A2DDCE8 /* [CP] Copy Pods Resources */,
			);
			buildRules = (
			);
			dependencies = (
				84CD5E462D12E5730057CB84 /* PBXTargetDependency */,
			);
			fileSystemSynchronizedGroups = (
				84CD5E472D12E5730057CB84 /* comet-chat-appUITests */,
			);
			name = "comet-chat-appUITests";
			productName = "comet-chat-appUITests";
			productReference = 84CD5E442D12E5730057CB84 /* comet-chat-appUITests.xctest */;
			productType = "com.apple.product-type.bundle.ui-testing";
		};
/* End PBXNativeTarget section */

/* Begin PBXProject section */
		84CD5E1C2D12E5720057CB84 /* Project object */ = {
			isa = PBXProject;
			attributes = {
				BuildIndependentTargetsInParallel = 1;
				LastSwiftUpdateCheck = 1620;
				LastUpgradeCheck = 1620;
				TargetAttributes = {
					84CD5E232D12E5720057CB84 = {
						CreatedOnToolsVersion = 16.2;
					};
					84CD5E392D12E5730057CB84 = {
						CreatedOnToolsVersion = 16.2;
						TestTargetID = 84CD5E232D12E5720057CB84;
					};
					84CD5E432D12E5730057CB84 = {
						CreatedOnToolsVersion = 16.2;
						TestTargetID = 84CD5E232D12E5720057CB84;
					};
				};
			};
			buildConfigurationList = 84CD5E1F2D12E5720057CB84 /* Build configuration list for PBXProject "comet-chat-app" */;
			developmentRegion = en;
			hasScannedForEncodings = 0;
			knownRegions = (
				en,
				Base,
			);
			mainGroup = 84CD5E1B2D12E5720057CB84;
			minimizedProjectReferenceProxies = 1;
			preferredProjectObjectVersion = 77;
			productRefGroup = 84CD5E252D12E5720057CB84 /* Products */;
			projectDirPath = "";
			projectRoot = "";
			targets = (
				84CD5E232D12E5720057CB84 /* comet-chat-app */,
				84CD5E392D12E5730057CB84 /* comet-chat-appTests */,
				84CD5E432D12E5730057CB84 /* comet-chat-appUITests */,
			);
		};
/* End PBXProject section */

/* Begin PBXResourcesBuildPhase section */
		84CD5E222D12E5720057CB84 /* Resources */ = {
			isa = PBXResourcesBuildPhase;
			buildActionMask = 2147483647;
			files = (
			);
			runOnlyForDeploymentPostprocessing = 0;
		};
		84CD5E382D12E5730057CB84 /* Resources */ = {
			isa = PBXResourcesBuildPhase;
			buildActionMask = 2147483647;
			files = (
			);
			runOnlyForDeploymentPostprocessing = 0;
		};
		84CD5E422D12E5730057CB84 /* Resources */ = {
			isa = PBXResourcesBuildPhase;
			buildActionMask = 2147483647;
			files = (
			);
			runOnlyForDeploymentPostprocessing = 0;
		};
/* End PBXResourcesBuildPhase section */

/* Begin PBXShellScriptBuildPhase section */
		0E1CB671C3B9DB946AA93CF9 /* [CP] Check Pods Manifest.lock */ = {
			isa = PBXShellScriptBuildPhase;
			buildActionMask = 2147483647;
			files = (
			);
			inputFileListPaths = (
			);
			inputPaths = (
				"${PODS_PODFILE_DIR_PATH}/Podfile.lock",
				"${PODS_ROOT}/Manifest.lock",
			);
			name = "[CP] Check Pods Manifest.lock";
			outputFileListPaths = (
			);
			outputPaths = (
				"$(DERIVED_FILE_DIR)/Pods-comet-chat-appTests-checkManifestLockResult.txt",
			);
			runOnlyForDeploymentPostprocessing = 0;
			shellPath = /bin/sh;
			shellScript = "diff \"${PODS_PODFILE_DIR_PATH}/Podfile.lock\" \"${PODS_ROOT}/Manifest.lock\" > /dev/null\nif [ $? != 0 ] ; then\n    # print error to STDERR\n    echo \"error: The sandbox is not in sync with the Podfile.lock. Run 'pod install' or update your CocoaPods installation.\" >&2\n    exit 1\nfi\n# This output is used by Xcode 'outputs' to avoid re-running this script phase.\necho \"SUCCESS\" > \"${SCRIPT_OUTPUT_FILE_0}\"\n";
			showEnvVarsInLog = 0;
		};
		4B59590DCBE4F33C0DECA964 /* [CP] Copy Pods Resources */ = {
			isa = PBXShellScriptBuildPhase;
			buildActionMask = 2147483647;
			files = (
			);
			inputFileListPaths = (
				"${PODS_ROOT}/Target Support Files/Pods-comet-chat-app/Pods-comet-chat-app-resources-${CONFIGURATION}-input-files.xcfilelist",
			);
			name = "[CP] Copy Pods Resources";
			outputFileListPaths = (
				"${PODS_ROOT}/Target Support Files/Pods-comet-chat-app/Pods-comet-chat-app-resources-${CONFIGURATION}-output-files.xcfilelist",
			);
			runOnlyForDeploymentPostprocessing = 0;
			shellPath = /bin/sh;
			shellScript = "\"${PODS_ROOT}/Target Support Files/Pods-comet-chat-app/Pods-comet-chat-app-resources.sh\"\n";
			showEnvVarsInLog = 0;
		};
		5F9CFA28869D29994A2DDCE8 /* [CP] Copy Pods Resources */ = {
			isa = PBXShellScriptBuildPhase;
			buildActionMask = 2147483647;
			files = (
			);
			inputFileListPaths = (
				"${PODS_ROOT}/Target Support Files/Pods-comet-chat-app-comet-chat-appUITests/Pods-comet-chat-app-comet-chat-appUITests-resources-${CONFIGURATION}-input-files.xcfilelist",
			);
			name = "[CP] Copy Pods Resources";
			outputFileListPaths = (
				"${PODS_ROOT}/Target Support Files/Pods-comet-chat-app-comet-chat-appUITests/Pods-comet-chat-app-comet-chat-appUITests-resources-${CONFIGURATION}-output-files.xcfilelist",
			);
			runOnlyForDeploymentPostprocessing = 0;
			shellPath = /bin/sh;
			shellScript = "\"${PODS_ROOT}/Target Support Files/Pods-comet-chat-app-comet-chat-appUITests/Pods-comet-chat-app-comet-chat-appUITests-resources.sh\"\n";
			showEnvVarsInLog = 0;
		};
		6E58F93F0B2DA7790B2E3456 /* [CP] Check Pods Manifest.lock */ = {
			isa = PBXShellScriptBuildPhase;
			buildActionMask = 2147483647;
			files = (
			);
			inputFileListPaths = (
			);
			inputPaths = (
				"${PODS_PODFILE_DIR_PATH}/Podfile.lock",
				"${PODS_ROOT}/Manifest.lock",
			);
			name = "[CP] Check Pods Manifest.lock";
			outputFileListPaths = (
			);
			outputPaths = (
				"$(DERIVED_FILE_DIR)/Pods-comet-chat-app-checkManifestLockResult.txt",
			);
			runOnlyForDeploymentPostprocessing = 0;
			shellPath = /bin/sh;
			shellScript = "diff \"${PODS_PODFILE_DIR_PATH}/Podfile.lock\" \"${PODS_ROOT}/Manifest.lock\" > /dev/null\nif [ $? != 0 ] ; then\n    # print error to STDERR\n    echo \"error: The sandbox is not in sync with the Podfile.lock. Run 'pod install' or update your CocoaPods installation.\" >&2\n    exit 1\nfi\n# This output is used by Xcode 'outputs' to avoid re-running this script phase.\necho \"SUCCESS\" > \"${SCRIPT_OUTPUT_FILE_0}\"\n";
			showEnvVarsInLog = 0;
		};
		94C43F177F6561A23CE61B7C /* [CP] Embed Pods Frameworks */ = {
			isa = PBXShellScriptBuildPhase;
			buildActionMask = 2147483647;
			files = (
			);
			inputFileListPaths = (
				"${PODS_ROOT}/Target Support Files/Pods-comet-chat-app/Pods-comet-chat-app-frameworks-${CONFIGURATION}-input-files.xcfilelist",
			);
			name = "[CP] Embed Pods Frameworks";
			outputFileListPaths = (
				"${PODS_ROOT}/Target Support Files/Pods-comet-chat-app/Pods-comet-chat-app-frameworks-${CONFIGURATION}-output-files.xcfilelist",
			);
			runOnlyForDeploymentPostprocessing = 0;
			shellPath = /bin/sh;
			shellScript = "\"${PODS_ROOT}/Target Support Files/Pods-comet-chat-app/Pods-comet-chat-app-frameworks.sh\"\n";
			showEnvVarsInLog = 0;
		};
		DA07B4FEF28098482953F4AA /* [CP] Embed Pods Frameworks */ = {
			isa = PBXShellScriptBuildPhase;
			buildActionMask = 2147483647;
			files = (
			);
			inputFileListPaths = (
				"${PODS_ROOT}/Target Support Files/Pods-comet-chat-app-comet-chat-appUITests/Pods-comet-chat-app-comet-chat-appUITests-frameworks-${CONFIGURATION}-input-files.xcfilelist",
			);
			name = "[CP] Embed Pods Frameworks";
			outputFileListPaths = (
				"${PODS_ROOT}/Target Support Files/Pods-comet-chat-app-comet-chat-appUITests/Pods-comet-chat-app-comet-chat-appUITests-frameworks-${CONFIGURATION}-output-files.xcfilelist",
			);
			runOnlyForDeploymentPostprocessing = 0;
			shellPath = /bin/sh;
			shellScript = "\"${PODS_ROOT}/Target Support Files/Pods-comet-chat-app-comet-chat-appUITests/Pods-comet-chat-app-comet-chat-appUITests-frameworks.sh\"\n";
			showEnvVarsInLog = 0;
		};
		E67D431A0208B22600B076B9 /* [CP] Check Pods Manifest.lock */ = {
			isa = PBXShellScriptBuildPhase;
			buildActionMask = 2147483647;
			files = (
			);
			inputFileListPaths = (
			);
			inputPaths = (
				"${PODS_PODFILE_DIR_PATH}/Podfile.lock",
				"${PODS_ROOT}/Manifest.lock",
			);
			name = "[CP] Check Pods Manifest.lock";
			outputFileListPaths = (
			);
			outputPaths = (
				"$(DERIVED_FILE_DIR)/Pods-comet-chat-app-comet-chat-appUITests-checkManifestLockResult.txt",
			);
			runOnlyForDeploymentPostprocessing = 0;
			shellPath = /bin/sh;
			shellScript = "diff \"${PODS_PODFILE_DIR_PATH}/Podfile.lock\" \"${PODS_ROOT}/Manifest.lock\" > /dev/null\nif [ $? != 0 ] ; then\n    # print error to STDERR\n    echo \"error: The sandbox is not in sync with the Podfile.lock. Run 'pod install' or update your CocoaPods installation.\" >&2\n    exit 1\nfi\n# This output is used by Xcode 'outputs' to avoid re-running this script phase.\necho \"SUCCESS\" > \"${SCRIPT_OUTPUT_FILE_0}\"\n";
			showEnvVarsInLog = 0;
		};
/* End PBXShellScriptBuildPhase section */

/* Begin PBXSourcesBuildPhase section */
		84CD5E202D12E5720057CB84 /* Sources */ = {
			isa = PBXSourcesBuildPhase;
			buildActionMask = 2147483647;
			files = (
			);
			runOnlyForDeploymentPostprocessing = 0;
		};
		84CD5E362D12E5730057CB84 /* Sources */ = {
			isa = PBXSourcesBuildPhase;
			buildActionMask = 2147483647;
			files = (
			);
			runOnlyForDeploymentPostprocessing = 0;
		};
		84CD5E402D12E5730057CB84 /* Sources */ = {
			isa = PBXSourcesBuildPhase;
			buildActionMask = 2147483647;
			files = (
			);
			runOnlyForDeploymentPostprocessing = 0;
		};
/* End PBXSourcesBuildPhase section */

/* Begin PBXTargetDependency section */
		84CD5E3C2D12E5730057CB84 /* PBXTargetDependency */ = {
			isa = PBXTargetDependency;
			target = 84CD5E232D12E5720057CB84 /* comet-chat-app */;
			targetProxy = 84CD5E3B2D12E5730057CB84 /* PBXContainerItemProxy */;
		};
		84CD5E462D12E5730057CB84 /* PBXTargetDependency */ = {
			isa = PBXTargetDependency;
			target = 84CD5E232D12E5720057CB84 /* comet-chat-app */;
			targetProxy = 84CD5E452D12E5730057CB84 /* PBXContainerItemProxy */;
		};
/* End PBXTargetDependency section */

/* Begin XCBuildConfiguration section */
		84CD5E4E2D12E5730057CB84 /* Debug */ = {
			isa = XCBuildConfiguration;
			baseConfigurationReference = 12F520514730752C7032584A /* Pods-comet-chat-app.debug.xcconfig */;
			buildSettings = {
				ASSETCATALOG_COMPILER_APPICON_NAME = AppIcon;
				ASSETCATALOG_COMPILER_GLOBAL_ACCENT_COLOR_NAME = AccentColor;
				CODE_SIGN_STYLE = Automatic;
				CURRENT_PROJECT_VERSION = 1;
				GENERATE_INFOPLIST_FILE = YES;
				INFOPLIST_FILE = "comet-chat-app/Info.plist";
				INFOPLIST_KEY_UIApplicationSupportsIndirectInputEvents = YES;
				INFOPLIST_KEY_UILaunchStoryboardName = LaunchScreen;
				INFOPLIST_KEY_UISupportedInterfaceOrientations_iPad = "UIInterfaceOrientationPortrait UIInterfaceOrientationPortraitUpsideDown UIInterfaceOrientationLandscapeLeft UIInterfaceOrientationLandscapeRight";
				INFOPLIST_KEY_UISupportedInterfaceOrientations_iPhone = "UIInterfaceOrientationPortrait UIInterfaceOrientationLandscapeLeft UIInterfaceOrientationLandscapeRight";
				LD_RUNPATH_SEARCH_PATHS = (
					"$(inherited)",
					"@executable_path/Frameworks",
				);
				MARKETING_VERSION = 1.0;
				PRODUCT_BUNDLE_IDENTIFIER = "com.autistic.comet-chat-app";
				PRODUCT_NAME = "$(TARGET_NAME)";
				SWIFT_EMIT_LOC_STRINGS = YES;
				SWIFT_VERSION = 5.0;
				TARGETED_DEVICE_FAMILY = "1,2";
			};
			name = Debug;
		};
		84CD5E4F2D12E5730057CB84 /* Release */ = {
			isa = XCBuildConfiguration;
			baseConfigurationReference = B4AE3D3F05661BA3B697A0FA /* Pods-comet-chat-app.release.xcconfig */;
			buildSettings = {
				ASSETCATALOG_COMPILER_APPICON_NAME = AppIcon;
				ASSETCATALOG_COMPILER_GLOBAL_ACCENT_COLOR_NAME = AccentColor;
				CODE_SIGN_STYLE = Automatic;
				CURRENT_PROJECT_VERSION = 1;
				GENERATE_INFOPLIST_FILE = YES;
				INFOPLIST_FILE = "comet-chat-app/Info.plist";
				INFOPLIST_KEY_UIApplicationSupportsIndirectInputEvents = YES;
				INFOPLIST_KEY_UILaunchStoryboardName = LaunchScreen;
				INFOPLIST_KEY_UISupportedInterfaceOrientations_iPad = "UIInterfaceOrientationPortrait UIInterfaceOrientationPortraitUpsideDown UIInterfaceOrientationLandscapeLeft UIInterfaceOrientationLandscapeRight";
				INFOPLIST_KEY_UISupportedInterfaceOrientations_iPhone = "UIInterfaceOrientationPortrait UIInterfaceOrientationLandscapeLeft UIInterfaceOrientationLandscapeRight";
				LD_RUNPATH_SEARCH_PATHS = (
					"$(inherited)",
					"@executable_path/Frameworks",
				);
				MARKETING_VERSION = 1.0;
				PRODUCT_BUNDLE_IDENTIFIER = "com.autistic.comet-chat-app";
				PRODUCT_NAME = "$(TARGET_NAME)";
				SWIFT_EMIT_LOC_STRINGS = YES;
				SWIFT_VERSION = 5.0;
				TARGETED_DEVICE_FAMILY = "1,2";
			};
			name = Release;
		};
		84CD5E502D12E5730057CB84 /* Debug */ = {
			isa = XCBuildConfiguration;
			buildSettings = {
				ALWAYS_SEARCH_USER_PATHS = NO;
				ASSETCATALOG_COMPILER_GENERATE_SWIFT_ASSET_SYMBOL_EXTENSIONS = YES;
				CLANG_ANALYZER_NONNULL = YES;
				CLANG_ANALYZER_NUMBER_OBJECT_CONVERSION = YES_AGGRESSIVE;
				CLANG_CXX_LANGUAGE_STANDARD = "gnu++20";
				CLANG_ENABLE_MODULES = YES;
				CLANG_ENABLE_OBJC_ARC = YES;
				CLANG_ENABLE_OBJC_WEAK = YES;
				CLANG_WARN_BLOCK_CAPTURE_AUTORELEASING = YES;
				CLANG_WARN_BOOL_CONVERSION = YES;
				CLANG_WARN_COMMA = YES;
				CLANG_WARN_CONSTANT_CONVERSION = YES;
				CLANG_WARN_DEPRECATED_OBJC_IMPLEMENTATIONS = YES;
				CLANG_WARN_DIRECT_OBJC_ISA_USAGE = YES_ERROR;
				CLANG_WARN_DOCUMENTATION_COMMENTS = YES;
				CLANG_WARN_EMPTY_BODY = YES;
				CLANG_WARN_ENUM_CONVERSION = YES;
				CLANG_WARN_INFINITE_RECURSION = YES;
				CLANG_WARN_INT_CONVERSION = YES;
				CLANG_WARN_NON_LITERAL_NULL_CONVERSION = YES;
				CLANG_WARN_OBJC_IMPLICIT_RETAIN_SELF = YES;
				CLANG_WARN_OBJC_LITERAL_CONVERSION = YES;
				CLANG_WARN_OBJC_ROOT_CLASS = YES_ERROR;
				CLANG_WARN_QUOTED_INCLUDE_IN_FRAMEWORK_HEADER = YES;
				CLANG_WARN_RANGE_LOOP_ANALYSIS = YES;
				CLANG_WARN_STRICT_PROTOTYPES = YES;
				CLANG_WARN_SUSPICIOUS_MOVE = YES;
				CLANG_WARN_UNGUARDED_AVAILABILITY = YES_AGGRESSIVE;
				CLANG_WARN_UNREACHABLE_CODE = YES;
				CLANG_WARN__DUPLICATE_METHOD_MATCH = YES;
				COPY_PHASE_STRIP = NO;
				DEBUG_INFORMATION_FORMAT = dwarf;
				ENABLE_STRICT_OBJC_MSGSEND = YES;
				ENABLE_TESTABILITY = YES;
				ENABLE_USER_SCRIPT_SANDBOXING = NO;
				GCC_C_LANGUAGE_STANDARD = gnu17;
				GCC_DYNAMIC_NO_PIC = NO;
				GCC_NO_COMMON_BLOCKS = YES;
				GCC_OPTIMIZATION_LEVEL = 0;
				GCC_PREPROCESSOR_DEFINITIONS = (
					"DEBUG=1",
					"$(inherited)",
				);
				GCC_WARN_64_TO_32_BIT_CONVERSION = YES;
				GCC_WARN_ABOUT_RETURN_TYPE = YES_ERROR;
				GCC_WARN_UNDECLARED_SELECTOR = YES;
				GCC_WARN_UNINITIALIZED_AUTOS = YES_AGGRESSIVE;
				GCC_WARN_UNUSED_FUNCTION = YES;
				GCC_WARN_UNUSED_VARIABLE = YES;
				IPHONEOS_DEPLOYMENT_TARGET = 18.2;
				LOCALIZATION_PREFERS_STRING_CATALOGS = YES;
				MTL_ENABLE_DEBUG_INFO = INCLUDE_SOURCE;
				MTL_FAST_MATH = YES;
				ONLY_ACTIVE_ARCH = YES;
				SDKROOT = iphoneos;
				SWIFT_ACTIVE_COMPILATION_CONDITIONS = "DEBUG $(inherited)";
				SWIFT_OPTIMIZATION_LEVEL = "-Onone";
			};
			name = Debug;
		};
		84CD5E512D12E5730057CB84 /* Release */ = {
			isa = XCBuildConfiguration;
			buildSettings = {
				ALWAYS_SEARCH_USER_PATHS = NO;
				ASSETCATALOG_COMPILER_GENERATE_SWIFT_ASSET_SYMBOL_EXTENSIONS = YES;
				CLANG_ANALYZER_NONNULL = YES;
				CLANG_ANALYZER_NUMBER_OBJECT_CONVERSION = YES_AGGRESSIVE;
				CLANG_CXX_LANGUAGE_STANDARD = "gnu++20";
				CLANG_ENABLE_MODULES = YES;
				CLANG_ENABLE_OBJC_ARC = YES;
				CLANG_ENABLE_OBJC_WEAK = YES;
				CLANG_WARN_BLOCK_CAPTURE_AUTORELEASING = YES;
				CLANG_WARN_BOOL_CONVERSION = YES;
				CLANG_WARN_COMMA = YES;
				CLANG_WARN_CONSTANT_CONVERSION = YES;
				CLANG_WARN_DEPRECATED_OBJC_IMPLEMENTATIONS = YES;
				CLANG_WARN_DIRECT_OBJC_ISA_USAGE = YES_ERROR;
				CLANG_WARN_DOCUMENTATION_COMMENTS = YES;
				CLANG_WARN_EMPTY_BODY = YES;
				CLANG_WARN_ENUM_CONVERSION = YES;
				CLANG_WARN_INFINITE_RECURSION = YES;
				CLANG_WARN_INT_CONVERSION = YES;
				CLANG_WARN_NON_LITERAL_NULL_CONVERSION = YES;
				CLANG_WARN_OBJC_IMPLICIT_RETAIN_SELF = YES;
				CLANG_WARN_OBJC_LITERAL_CONVERSION = YES;
				CLANG_WARN_OBJC_ROOT_CLASS = YES_ERROR;
				CLANG_WARN_QUOTED_INCLUDE_IN_FRAMEWORK_HEADER = YES;
				CLANG_WARN_RANGE_LOOP_ANALYSIS = YES;
				CLANG_WARN_STRICT_PROTOTYPES = YES;
				CLANG_WARN_SUSPICIOUS_MOVE = YES;
				CLANG_WARN_UNGUARDED_AVAILABILITY = YES_AGGRESSIVE;
				CLANG_WARN_UNREACHABLE_CODE = YES;
				CLANG_WARN__DUPLICATE_METHOD_MATCH = YES;
				COPY_PHASE_STRIP = NO;
				DEBUG_INFORMATION_FORMAT = "dwarf-with-dsym";
				ENABLE_NS_ASSERTIONS = NO;
				ENABLE_STRICT_OBJC_MSGSEND = YES;
				ENABLE_USER_SCRIPT_SANDBOXING = NO;
				GCC_C_LANGUAGE_STANDARD = gnu17;
				GCC_NO_COMMON_BLOCKS = YES;
				GCC_WARN_64_TO_32_BIT_CONVERSION = YES;
				GCC_WARN_ABOUT_RETURN_TYPE = YES_ERROR;
				GCC_WARN_UNDECLARED_SELECTOR = YES;
				GCC_WARN_UNINITIALIZED_AUTOS = YES_AGGRESSIVE;
				GCC_WARN_UNUSED_FUNCTION = YES;
				GCC_WARN_UNUSED_VARIABLE = YES;
				IPHONEOS_DEPLOYMENT_TARGET = 18.2;
				LOCALIZATION_PREFERS_STRING_CATALOGS = YES;
				MTL_ENABLE_DEBUG_INFO = NO;
				MTL_FAST_MATH = YES;
				SDKROOT = iphoneos;
				SWIFT_COMPILATION_MODE = wholemodule;
				VALIDATE_PRODUCT = YES;
			};
			name = Release;
		};
		84CD5E532D12E5730057CB84 /* Debug */ = {
			isa = XCBuildConfiguration;
			baseConfigurationReference = 831FE2A7A0CBCC0908CE9B43 /* Pods-comet-chat-appTests.debug.xcconfig */;
			buildSettings = {
				BUNDLE_LOADER = "$(TEST_HOST)";
				CODE_SIGN_STYLE = Automatic;
				CURRENT_PROJECT_VERSION = 1;
				GENERATE_INFOPLIST_FILE = YES;
				IPHONEOS_DEPLOYMENT_TARGET = 18.2;
				MARKETING_VERSION = 1.0;
				PRODUCT_BUNDLE_IDENTIFIER = "com.autistic.comet-chat-appTests";
				PRODUCT_NAME = "$(TARGET_NAME)";
				SWIFT_EMIT_LOC_STRINGS = NO;
				SWIFT_VERSION = 5.0;
				TARGETED_DEVICE_FAMILY = "1,2";
				TEST_HOST = "$(BUILT_PRODUCTS_DIR)/comet-chat-app.app/$(BUNDLE_EXECUTABLE_FOLDER_PATH)/comet-chat-app";
			};
			name = Debug;
		};
		84CD5E542D12E5730057CB84 /* Release */ = {
			isa = XCBuildConfiguration;
			baseConfigurationReference = A9752EDEC0D7979F7076F4C7 /* Pods-comet-chat-appTests.release.xcconfig */;
			buildSettings = {
				BUNDLE_LOADER = "$(TEST_HOST)";
				CODE_SIGN_STYLE = Automatic;
				CURRENT_PROJECT_VERSION = 1;
				GENERATE_INFOPLIST_FILE = YES;
				IPHONEOS_DEPLOYMENT_TARGET = 18.2;
				MARKETING_VERSION = 1.0;
				PRODUCT_BUNDLE_IDENTIFIER = "com.autistic.comet-chat-appTests";
				PRODUCT_NAME = "$(TARGET_NAME)";
				SWIFT_EMIT_LOC_STRINGS = NO;
				SWIFT_VERSION = 5.0;
				TARGETED_DEVICE_FAMILY = "1,2";
				TEST_HOST = "$(BUILT_PRODUCTS_DIR)/comet-chat-app.app/$(BUNDLE_EXECUTABLE_FOLDER_PATH)/comet-chat-app";
			};
			name = Release;
		};
		84CD5E562D12E5730057CB84 /* Debug */ = {
			isa = XCBuildConfiguration;
			baseConfigurationReference = 2C5BA3E7307DABBCACC19C05 /* Pods-comet-chat-app-comet-chat-appUITests.debug.xcconfig */;
			buildSettings = {
				CODE_SIGN_STYLE = Automatic;
				CURRENT_PROJECT_VERSION = 1;
				GENERATE_INFOPLIST_FILE = YES;
				MARKETING_VERSION = 1.0;
				PRODUCT_BUNDLE_IDENTIFIER = "com.autistic.comet-chat-appUITests";
				PRODUCT_NAME = "$(TARGET_NAME)";
				SWIFT_EMIT_LOC_STRINGS = NO;
				SWIFT_VERSION = 5.0;
				TARGETED_DEVICE_FAMILY = "1,2";
				TEST_TARGET_NAME = "comet-chat-app";
			};
			name = Debug;
		};
		84CD5E572D12E5730057CB84 /* Release */ = {
			isa = XCBuildConfiguration;
			baseConfigurationReference = 09FAC23F41467AB459E7ED67 /* Pods-comet-chat-app-comet-chat-appUITests.release.xcconfig */;
			buildSettings = {
				CODE_SIGN_STYLE = Automatic;
				CURRENT_PROJECT_VERSION = 1;
				GENERATE_INFOPLIST_FILE = YES;
				MARKETING_VERSION = 1.0;
				PRODUCT_BUNDLE_IDENTIFIER = "com.autistic.comet-chat-appUITests";
				PRODUCT_NAME = "$(TARGET_NAME)";
				SWIFT_EMIT_LOC_STRINGS = NO;
				SWIFT_VERSION = 5.0;
				TARGETED_DEVICE_FAMILY = "1,2";
				TEST_TARGET_NAME = "comet-chat-app";
			};
			name = Release;
		};
/* End XCBuildConfiguration section */

/* Begin XCConfigurationList section */
		84CD5E1F2D12E5720057CB84 /* Build configuration list for PBXProject "comet-chat-app" */ = {
			isa = XCConfigurationList;
			buildConfigurations = (
				84CD5E502D12E5730057CB84 /* Debug */,
				84CD5E512D12E5730057CB84 /* Release */,
			);
			defaultConfigurationIsVisible = 0;
			defaultConfigurationName = Release;
		};
		84CD5E4D2D12E5730057CB84 /* Build configuration list for PBXNativeTarget "comet-chat-app" */ = {
			isa = XCConfigurationList;
			buildConfigurations = (
				84CD5E4E2D12E5730057CB84 /* Debug */,
				84CD5E4F2D12E5730057CB84 /* Release */,
			);
			defaultConfigurationIsVisible = 0;
			defaultConfigurationName = Release;
		};
		84CD5E522D12E5730057CB84 /* Build configuration list for PBXNativeTarget "comet-chat-appTests" */ = {
			isa = XCConfigurationList;
			buildConfigurations = (
				84CD5E532D12E5730057CB84 /* Debug */,
				84CD5E542D12E5730057CB84 /* Release */,
			);
			defaultConfigurationIsVisible = 0;
			defaultConfigurationName = Release;
		};
		84CD5E552D12E5730057CB84 /* Build configuration list for PBXNativeTarget "comet-chat-appUITests" */ = {
			isa = XCConfigurationList;
			buildConfigurations = (
				84CD5E562D12E5730057CB84 /* Debug */,
				84CD5E572D12E5730057CB84 /* Release */,
			);
			defaultConfigurationIsVisible = 0;
			defaultConfigurationName = Release;
		};
/* End XCConfigurationList section */
	};
	rootObject = 84CD5E1C2D12E5720057CB84 /* Project object */;
}
